# This file is automatically @generated by Cargo.
# It is not intended for manual editing.
version = 3

[[package]]
name = "aho-corasick"
version = "0.7.6"
source = "registry+https://github.com/rust-lang/crates.io-index"
checksum = "58fb5e95d83b38284460a5fda7d6470aa0b8844d283a0b614b8535e880800d2d"
dependencies = [
 "memchr 2.2.1",
]

[[package]]
name = "ansi_term"
version = "0.11.0"
source = "registry+https://github.com/rust-lang/crates.io-index"
checksum = "ee49baf6cb617b853aa8d93bf420db2383fab46d314482ca2803b40d5fde979b"
dependencies = [
 "winapi",
]

[[package]]
name = "arc-swap"
version = "0.4.4"
source = "registry+https://github.com/rust-lang/crates.io-index"
checksum = "d7b8a9123b8027467bce0099fe556c628a53c8d83df0507084c31e9ba2e39aff"

[[package]]
name = "atty"
version = "0.2.14"
source = "registry+https://github.com/rust-lang/crates.io-index"
checksum = "d9b39be18770d11421cdb1b9947a45dd3f37e93092cbf377614828a319d5fee8"
dependencies = [
 "hermit-abi",
 "libc",
 "winapi",
]

[[package]]
name = "autocfg"
version = "0.1.7"
source = "registry+https://github.com/rust-lang/crates.io-index"
checksum = "1d49d90015b3c36167a20fe2810c5cd875ad504b39cff3d4eae7977e6b7c1cb2"

[[package]]
name = "bitflags"
version = "1.2.1"
source = "registry+https://github.com/rust-lang/crates.io-index"
checksum = "cf1de2fe8c75bc145a2f577add951f8134889b4795d47466a54a5c846d691693"

[[package]]
name = "bytesize"
version = "1.0.0"
source = "registry+https://github.com/rust-lang/crates.io-index"
checksum = "716960a18f978640f25101b5cbf1c6f6b0d3192fab36a2d98ca96f0ecbe41010"

[[package]]
name = "cfg-if"
version = "0.1.10"
source = "registry+https://github.com/rust-lang/crates.io-index"
checksum = "4785bdd1c96b2a846b2bd7cc02e86b6b3dbf14e7e53446c4f54c92a361040822"

[[package]]
name = "chrono"
version = "0.4.10"
source = "registry+https://github.com/rust-lang/crates.io-index"
checksum = "31850b4a4d6bae316f7a09e691c944c28299298837edc0a03f755618c23cbc01"
dependencies = [
 "num-integer",
 "num-traits",
 "time",
]

[[package]]
name = "clap"
version = "2.33.0"
source = "registry+https://github.com/rust-lang/crates.io-index"
checksum = "5067f5bb2d80ef5d68b4c87db81601f0b75bca627bc2ef76b141d7b846a3c6d9"
dependencies = [
 "ansi_term",
 "atty",
 "bitflags",
 "strsim",
 "textwrap",
 "unicode-width",
 "vec_map",
]

[[package]]
name = "crossbeam-channel"
version = "0.4.0"
source = "registry+https://github.com/rust-lang/crates.io-index"
checksum = "acec9a3b0b3559f15aee4f90746c4e5e293b701c0f7d3925d24e01645267b68c"
dependencies = [
 "crossbeam-utils",
]

[[package]]
name = "crossbeam-utils"
version = "0.7.0"
source = "registry+https://github.com/rust-lang/crates.io-index"
checksum = "ce446db02cdc3165b94ae73111e570793400d0794e46125cc4056c81cbb039f4"
dependencies = [
 "autocfg",
 "cfg-if",
 "lazy_static",
]

[[package]]
name = "hegemon"
version = "0.1.0"
dependencies = [
 "clap",
 "crossbeam-channel",
 "regex",
 "sensors",
 "signal-hook",
 "systemstat",
 "termion",
]

[[package]]
name = "hermit-abi"
version = "0.1.6"
source = "registry+https://github.com/rust-lang/crates.io-index"
checksum = "eff2656d88f158ce120947499e971d743c05dbcbed62e5bd2f38f1698bbc3772"
dependencies = [
 "libc",
]

[[package]]
name = "lazy_static"
version = "1.4.0"
source = "registry+https://github.com/rust-lang/crates.io-index"
checksum = "e2abad23fbc42b3700f2f279844dc832adb2b2eb069b2df918f455c4e18cc646"

[[package]]
name = "libc"
version = "0.2.66"
source = "registry+https://github.com/rust-lang/crates.io-index"
checksum = "d515b1f41455adea1313a4a2ac8a8a477634fbae63cc6100e3aebb207ce61558"

[[package]]
name = "libsensors-sys"
version = "0.2.0"
source = "registry+https://github.com/rust-lang/crates.io-index"
checksum = "a1730cc7164b96de1d460c1f87c993430a3dda88ee336f0d2ea9a52097243132"

[[package]]
name = "memchr"
version = "1.0.2"
source = "registry+https://github.com/rust-lang/crates.io-index"
checksum = "148fab2e51b4f1cfc66da2a7c32981d1d3c083a803978268bb11fe4b86925e7a"
dependencies = [
 "libc",
]

[[package]]
name = "memchr"
version = "2.2.1"
source = "registry+https://github.com/rust-lang/crates.io-index"
checksum = "88579771288728879b57485cc7d6b07d648c9f0141eb955f8ab7f9d45394468e"

[[package]]
name = "nom"
version = "3.2.1"
source = "registry+https://github.com/rust-lang/crates.io-index"
checksum = "05aec50c70fd288702bcd93284a8444607f3292dbdf2a30de5ea5dcdbe72287b"
dependencies = [
 "memchr 1.0.2",
]

[[package]]
name = "num-integer"
version = "0.1.41"
source = "registry+https://github.com/rust-lang/crates.io-index"
checksum = "b85e541ef8255f6cf42bbfe4ef361305c6c135d10919ecc26126c4e5ae94bc09"
dependencies = [
 "autocfg",
 "num-traits",
]

[[package]]
name = "num-traits"
version = "0.2.10"
source = "registry+https://github.com/rust-lang/crates.io-index"
checksum = "d4c81ffc11c212fa327657cb19dd85eb7419e163b5b076bede2bdb5c974c07e4"
dependencies = [
 "autocfg",
]

[[package]]
name = "numtoa"
version = "0.1.0"
source = "registry+https://github.com/rust-lang/crates.io-index"
checksum = "b8f8bdf33df195859076e54ab11ee78a1b208382d3a26ec40d142ffc1ecc49ef"

[[package]]
name = "redox_syscall"
version = "0.1.56"
source = "registry+https://github.com/rust-lang/crates.io-index"
checksum = "2439c63f3f6139d1b57529d16bc3b8bb855230c8efcc5d3a896c8bea7c3b1e84"

[[package]]
name = "redox_termios"
version = "0.1.1"
source = "registry+https://github.com/rust-lang/crates.io-index"
checksum = "7e891cfe48e9100a70a3b6eb652fef28920c117d366339687bd5576160db0f76"
dependencies = [
 "redox_syscall",
]

[[package]]
name = "regex"
version = "1.3.1"
source = "registry+https://github.com/rust-lang/crates.io-index"
checksum = "dc220bd33bdce8f093101afe22a037b8eb0e5af33592e6a9caafff0d4cb81cbd"
dependencies = [
 "aho-corasick",
 "memchr 2.2.1",
 "regex-syntax",
 "thread_local",
]

[[package]]
name = "regex-syntax"
version = "0.6.12"
source = "registry+https://github.com/rust-lang/crates.io-index"
checksum = "11a7e20d1cce64ef2fed88b66d347f88bd9babb82845b2b858f3edbf59a4f716"

[[package]]
name = "sensors"
version = "0.2.1"
source = "registry+https://github.com/rust-lang/crates.io-index"
checksum = "6993a8ec96ef1f96f4285b5fbe7f80d7c8b2674b20f0c9bbbdaab80d14f0c06e"
dependencies = [
 "libc",
 "libsensors-sys",
]

[[package]]
name = "signal-hook"
version = "0.1.12"
source = "registry+https://github.com/rust-lang/crates.io-index"
checksum = "7a9c17dd3ba2d36023a5c9472ecddeda07e27fd0b05436e8c1e0c8f178185652"
dependencies = [
 "libc",
 "signal-hook-registry",
]

[[package]]
name = "signal-hook-registry"
version = "1.2.0"
source = "registry+https://github.com/rust-lang/crates.io-index"
checksum = "94f478ede9f64724c5d173d7bb56099ec3e2d9fc2774aac65d34b8b890405f41"
dependencies = [
 "arc-swap",
 "libc",
]

[[package]]
name = "strsim"
version = "0.8.0"
source = "registry+https://github.com/rust-lang/crates.io-index"
checksum = "8ea5119cdb4c55b55d432abb513a0429384878c15dde60cc77b1c99de1a95a6a"

[[package]]
name = "systemstat"
version = "0.1.5"
source = "registry+https://github.com/rust-lang/crates.io-index"
checksum = "2078da8d09c6202bffd5e075946e65bfad5ce2cfa161edb15c5f014a8440adee"
dependencies = [
 "bytesize",
 "chrono",
 "lazy_static",
 "libc",
 "nom",
 "time",
 "winapi",
]

[[package]]
name = "termion"
version = "1.5.4"
source = "registry+https://github.com/rust-lang/crates.io-index"
checksum = "818ef3700c2a7b447dca1a1dd28341fe635e6ee103c806c636bb9c929991b2cd"
dependencies = [
 "libc",
 "numtoa",
 "redox_syscall",
 "redox_termios",
]

[[package]]
name = "textwrap"
version = "0.11.0"
source = "registry+https://github.com/rust-lang/crates.io-index"
checksum = "d326610f408c7a4eb6f51c37c330e496b08506c9457c9d34287ecc38809fb060"
dependencies = [
 "unicode-width",
]

[[package]]
name = "thread_local"
version = "0.3.6"
source = "registry+https://github.com/rust-lang/crates.io-index"
checksum = "c6b53e329000edc2b34dbe8545fd20e55a333362d0a321909685a19bd28c3f1b"
dependencies = [
 "lazy_static",
]

[[package]]
name = "time"
version = "0.1.42"
source = "registry+https://github.com/rust-lang/crates.io-index"
checksum = "db8dcfca086c1143c9270ac42a2bbd8a7ee477b78ac8e45b19abfb0cbede4b6f"
dependencies = [
 "libc",
 "redox_syscall",
 "winapi",
]

[[package]]
name = "unicode-width"
version = "0.1.7"
source = "registry+https://github.com/rust-lang/crates.io-index"
checksum = "caaa9d531767d1ff2150b9332433f32a24622147e5ebb1f26409d5da67afd479"

[[package]]
name = "vec_map"
version = "0.8.1"
source = "registry+https://github.com/rust-lang/crates.io-index"
checksum = "05c78687fb1a80548ae3250346c3db86a80a7cdd77bda190189f2d0a0987c81a"

[[package]]
name = "winapi"
version = "0.3.8"
source = "registry+https://github.com/rust-lang/crates.io-index"
checksum = "8093091eeb260906a183e6ae1abdba2ef5ef2257a21801128899c3fc699229c6"
dependencies = [
 "winapi-i686-pc-windows-gnu",
 "winapi-x86_64-pc-windows-gnu",
]

[[package]]
name = "winapi-i686-pc-windows-gnu"
version = "0.4.0"
source = "registry+https://github.com/rust-lang/crates.io-index"
checksum = "ac3b87c63620426dd9b991e5ce0329eff545bccbbb34f3be09ff6fb6ab51b7b6"

[[package]]
name = "winapi-x86_64-pc-windows-gnu"
version = "0.4.0"
source = "registry+https://github.com/rust-lang/crates.io-index"
checksum = "712e227841d057c1ee1cd2fb22fa7e5a5461ae8e48fa2ca79ec42cfc1931183f"
